// !$*UTF8*$!
{
	archiveVersion = 1;
	classes = {
	};
	objectVersion = 56;
	objects = {

/* Begin PBXBuildFile section */
		537DA8D92AD4B67C00592945 /* H4XOR_NewsApp.swift in Sources */ = {isa = PBXBuildFile; fileRef = 537DA8D82AD4B67C00592945 /* H4XOR_NewsApp.swift */; };
		537DA8DB2AD4B67C00592945 /* ContentView.swift in Sources */ = {isa = PBXBuildFile; fileRef = 537DA8DA2AD4B67C00592945 /* ContentView.swift */; };
		537DA8DD2AD4B67D00592945 /* Assets.xcassets in Resources */ = {isa = PBXBuildFile; fileRef = 537DA8DC2AD4B67D00592945 /* Assets.xcassets */; };
		537DA8E02AD4B67D00592945 /* Preview Assets.xcassets in Resources */ = {isa = PBXBuildFile; fileRef = 537DA8DF2AD4B67D00592945 /* Preview Assets.xcassets */; };
		537DA8EA2AD4B67D00592945 /* H4XOR_NewsTests.swift in Sources */ = {isa = PBXBuildFile; fileRef = 537DA8E92AD4B67D00592945 /* H4XOR_NewsTests.swift */; };
		537DA8F42AD4B67D00592945 /* H4XOR_NewsUITests.swift in Sources */ = {isa = PBXBuildFile; fileRef = 537DA8F32AD4B67D00592945 /* H4XOR_NewsUITests.swift */; };
		537DA8F62AD4B67D00592945 /* H4XOR_NewsUITestsLaunchTests.swift in Sources */ = {isa = PBXBuildFile; fileRef = 537DA8F52AD4B67D00592945 /* H4XOR_NewsUITestsLaunchTests.swift */; };
		537DA9042AD4B8FF00592945 /* NetworkManager.swift in Sources */ = {isa = PBXBuildFile; fileRef = 537DA9032AD4B8FF00592945 /* NetworkManager.swift */; };
		537DA9062AD4BA7300592945 /* PostData.swift in Sources */ = {isa = PBXBuildFile; fileRef = 537DA9052AD4BA7300592945 /* PostData.swift */; };
		537DA9092AD4BFD500592945 /* DetailView.swift in Sources */ = {isa = PBXBuildFile; fileRef = 537DA9082AD4BFD500592945 /* DetailView.swift */; };
		537DA90B2AD4C40A00592945 /* WebView.swift in Sources */ = {isa = PBXBuildFile; fileRef = 537DA90A2AD4C40A00592945 /* WebView.swift */; };
/* End PBXBuildFile section */

/* Begin PBXContainerItemProxy section */
		537DA8E62AD4B67D00592945 /* PBXContainerItemProxy */ = {
			isa = PBXContainerItemProxy;
			containerPortal = 537DA8CD2AD4B67C00592945 /* Project object */;
			proxyType = 1;
			remoteGlobalIDString = 537DA8D42AD4B67C00592945;
			remoteInfo = "H4XOR News";
		};
		537DA8F02AD4B67D00592945 /* PBXContainerItemProxy */ = {
			isa = PBXContainerItemProxy;
			containerPortal = 537DA8CD2AD4B67C00592945 /* Project object */;
			proxyType = 1;
			remoteGlobalIDString = 537DA8D42AD4B67C00592945;
			remoteInfo = "H4XOR News";
		};
/* End PBXContainerItemProxy section */

/* Begin PBXFileReference section */
		537DA8D52AD4B67C00592945 /* H4XOR News.app */ = {isa = PBXFileReference; explicitFileType = wrapper.application; includeInIndex = 0; path = "H4XOR News.app"; sourceTree = BUILT_PRODUCTS_DIR; };
		537DA8D82AD4B67C00592945 /* H4XOR_NewsApp.swift */ = {isa = PBXFileReference; lastKnownFileType = sourcecode.swift; path = H4XOR_NewsApp.swift; sourceTree = "<group>"; };
		537DA8DA2AD4B67C00592945 /* ContentView.swift */ = {isa = PBXFileReference; lastKnownFileType = sourcecode.swift; path = ContentView.swift; sourceTree = "<group>"; };
		537DA8DC2AD4B67D00592945 /* Assets.xcassets */ = {isa = PBXFileReference; lastKnownFileType = folder.assetcatalog; path = Assets.xcassets; sourceTree = "<group>"; };
		537DA8DF2AD4B67D00592945 /* Preview Assets.xcassets */ = {isa = PBXFileReference; lastKnownFileType = folder.assetcatalog; path = "Preview Assets.xcassets"; sourceTree = "<group>"; };
		537DA8E52AD4B67D00592945 /* H4XOR NewsTests.xctest */ = {isa = PBXFileReference; explicitFileType = wrapper.cfbundle; includeInIndex = 0; path = "H4XOR NewsTests.xctest"; sourceTree = BUILT_PRODUCTS_DIR; };
		537DA8E92AD4B67D00592945 /* H4XOR_NewsTests.swift */ = {isa = PBXFileReference; lastKnownFileType = sourcecode.swift; path = H4XOR_NewsTests.swift; sourceTree = "<group>"; };
		537DA8EF2AD4B67D00592945 /* H4XOR NewsUITests.xctest */ = {isa = PBXFileReference; explicitFileType = wrapper.cfbundle; includeInIndex = 0; path = "H4XOR NewsUITests.xctest"; sourceTree = BUILT_PRODUCTS_DIR; };
		537DA8F32AD4B67D00592945 /* H4XOR_NewsUITests.swift */ = {isa = PBXFileReference; lastKnownFileType = sourcecode.swift; path = H4XOR_NewsUITests.swift; sourceTree = "<group>"; };
		537DA8F52AD4B67D00592945 /* H4XOR_NewsUITestsLaunchTests.swift */ = {isa = PBXFileReference; lastKnownFileType = sourcecode.swift; path = H4XOR_NewsUITestsLaunchTests.swift; sourceTree = "<group>"; };
		537DA9032AD4B8FF00592945 /* NetworkManager.swift */ = {isa = PBXFileReference; lastKnownFileType = sourcecode.swift; path = NetworkManager.swift; sourceTree = "<group>"; };
		537DA9052AD4BA7300592945 /* PostData.swift */ = {isa = PBXFileReference; lastKnownFileType = sourcecode.swift; path = PostData.swift; sourceTree = "<group>"; };
		537DA9082AD4BFD500592945 /* DetailView.swift */ = {isa = PBXFileReference; lastKnownFileType = sourcecode.swift; path = DetailView.swift; sourceTree = "<group>"; };
		537DA90A2AD4C40A00592945 /* WebView.swift */ = {isa = PBXFileReference; lastKnownFileType = sourcecode.swift; path = WebView.swift; sourceTree = "<group>"; };
/* End PBXFileReference section */

/* Begin PBXFrameworksBuildPhase section */
		537DA8D22AD4B67C00592945 /* Frameworks */ = {
			isa = PBXFrameworksBuildPhase;
			buildActionMask = 2147483647;
			files = (
			);
			runOnlyForDeploymentPostprocessing = 0;
		};
		537DA8E22AD4B67D00592945 /* Frameworks */ = {
			isa = PBXFrameworksBuildPhase;
			buildActionMask = 2147483647;
			files = (
			);
			runOnlyForDeploymentPostprocessing = 0;
		};
		537DA8EC2AD4B67D00592945 /* Frameworks */ = {
			isa = PBXFrameworksBuildPhase;
			buildActionMask = 2147483647;
			files = (
			);
			runOnlyForDeploymentPostprocessing = 0;
		};
/* End PBXFrameworksBuildPhase section */

/* Begin PBXGroup section */
		537DA8CC2AD4B67C00592945 = {
			isa = PBXGroup;
			children = (
				537DA8D72AD4B67C00592945 /* H4XOR News */,
				537DA8E82AD4B67D00592945 /* H4XOR NewsTests */,
				537DA8F22AD4B67D00592945 /* H4XOR NewsUITests */,
				537DA8D62AD4B67C00592945 /* Products */,
			);
			sourceTree = "<group>";
		};
		537DA8D62AD4B67C00592945 /* Products */ = {
			isa = PBXGroup;
			children = (
				537DA8D52AD4B67C00592945 /* H4XOR News.app */,
				537DA8E52AD4B67D00592945 /* H4XOR NewsTests.xctest */,
				537DA8EF2AD4B67D00592945 /* H4XOR NewsUITests.xctest */,
			);
			name = Products;
			sourceTree = "<group>";
		};
		537DA8D72AD4B67C00592945 /* H4XOR News */ = {
			isa = PBXGroup;
			children = (
				537DA8D82AD4B67C00592945 /* H4XOR_NewsApp.swift */,
				537DA9072AD4BFC200592945 /* Views */,
				537DA9022AD4B8EA00592945 /* Models */,
				537DA8DC2AD4B67D00592945 /* Assets.xcassets */,
				537DA8DE2AD4B67D00592945 /* Preview Content */,
			);
			path = "H4XOR News";
			sourceTree = "<group>";
		};
		537DA8DE2AD4B67D00592945 /* Preview Content */ = {
			isa = PBXGroup;
			children = (
				537DA8DF2AD4B67D00592945 /* Preview Assets.xcassets */,
			);
			path = "Preview Content";
			sourceTree = "<group>";
		};
		537DA8E82AD4B67D00592945 /* H4XOR NewsTests */ = {
			isa = PBXGroup;
			children = (
				537DA8E92AD4B67D00592945 /* H4XOR_NewsTests.swift */,
			);
			path = "H4XOR NewsTests";
			sourceTree = "<group>";
		};
		537DA8F22AD4B67D00592945 /* H4XOR NewsUITests */ = {
			isa = PBXGroup;
			children = (
				537DA8F32AD4B67D00592945 /* H4XOR_NewsUITests.swift */,
				537DA8F52AD4B67D00592945 /* H4XOR_NewsUITestsLaunchTests.swift */,
			);
			path = "H4XOR NewsUITests";
			sourceTree = "<group>";
		};
		537DA9022AD4B8EA00592945 /* Models */ = {
			isa = PBXGroup;
			children = (
				537DA9032AD4B8FF00592945 /* NetworkManager.swift */,
				537DA9052AD4BA7300592945 /* PostData.swift */,
			);
			path = Models;
			sourceTree = "<group>";
		};
		537DA9072AD4BFC200592945 /* Views */ = {
			isa = PBXGroup;
			children = (
				537DA8DA2AD4B67C00592945 /* ContentView.swift */,
				537DA9082AD4BFD500592945 /* DetailView.swift */,
				537DA90A2AD4C40A00592945 /* WebView.swift */,
			);
			path = Views;
			sourceTree = "<group>";
		};
/* End PBXGroup section */

/* Begin PBXNativeTarget section */
		537DA8D42AD4B67C00592945 /* H4XOR News */ = {
			isa = PBXNativeTarget;
			buildConfigurationList = 537DA8F92AD4B67D00592945 /* Build configuration list for PBXNativeTarget "H4XOR News" */;
			buildPhases = (
				537DA8D12AD4B67C00592945 /* Sources */,
				537DA8D22AD4B67C00592945 /* Frameworks */,
				537DA8D32AD4B67C00592945 /* Resources */,
			);
			buildRules = (
			);
			dependencies = (
			);
			name = "H4XOR News";
			productName = "H4XOR News";
			productReference = 537DA8D52AD4B67C00592945 /* H4XOR News.app */;
			productType = "com.apple.product-type.application";
		};
		537DA8E42AD4B67D00592945 /* H4XOR NewsTests */ = {
			isa = PBXNativeTarget;
			buildConfigurationList = 537DA8FC2AD4B67D00592945 /* Build configuration list for PBXNativeTarget "H4XOR NewsTests" */;
			buildPhases = (
				537DA8E12AD4B67D00592945 /* Sources */,
				537DA8E22AD4B67D00592945 /* Frameworks */,
				537DA8E32AD4B67D00592945 /* Resources */,
			);
			buildRules = (
			);
			dependencies = (
				537DA8E72AD4B67D00592945 /* PBXTargetDependency */,
			);
			name = "H4XOR NewsTests";
			productName = "H4XOR NewsTests";
			productReference = 537DA8E52AD4B67D00592945 /* H4XOR NewsTests.xctest */;
			productType = "com.apple.product-type.bundle.unit-test";
		};
		537DA8EE2AD4B67D00592945 /* H4XOR NewsUITests */ = {
			isa = PBXNativeTarget;
			buildConfigurationList = 537DA8FF2AD4B67D00592945 /* Build configuration list for PBXNativeTarget "H4XOR NewsUITests" */;
			buildPhases = (
				537DA8EB2AD4B67D00592945 /* Sources */,
				537DA8EC2AD4B67D00592945 /* Frameworks */,
				537DA8ED2AD4B67D00592945 /* Resources */,
			);
			buildRules = (
			);
			dependencies = (
				537DA8F12AD4B67D00592945 /* PBXTargetDependency */,
			);
			name = "H4XOR NewsUITests";
			productName = "H4XOR NewsUITests";
			productReference = 537DA8EF2AD4B67D00592945 /* H4XOR NewsUITests.xctest */;
			productType = "com.apple.product-type.bundle.ui-testing";
		};
/* End PBXNativeTarget section */

/* Begin PBXProject section */
		537DA8CD2AD4B67C00592945 /* Project object */ = {
			isa = PBXProject;
			attributes = {
				BuildIndependentTargetsInParallel = 1;
				LastSwiftUpdateCheck = 1500;
				LastUpgradeCheck = 1500;
				TargetAttributes = {
					537DA8D42AD4B67C00592945 = {
						CreatedOnToolsVersion = 15.0;
					};
					537DA8E42AD4B67D00592945 = {
						CreatedOnToolsVersion = 15.0;
						TestTargetID = 537DA8D42AD4B67C00592945;
					};
					537DA8EE2AD4B67D00592945 = {
						CreatedOnToolsVersion = 15.0;
						TestTargetID = 537DA8D42AD4B67C00592945;
					};
				};
			};
			buildConfigurationList = 537DA8D02AD4B67C00592945 /* Build configuration list for PBXProject "cd" */;
			compatibilityVersion = "Xcode 14.0";
			developmentRegion = en;
			hasScannedForEncodings = 0;
			knownRegions = (
				en,
				Base,
			);
			mainGroup = 537DA8CC2AD4B67C00592945;
			productRefGroup = 537DA8D62AD4B67C00592945 /* Products */;
			projectDirPath = "";
			projectRoot = "";
			targets = (
				537DA8D42AD4B67C00592945 /* H4XOR News */,
				537DA8E42AD4B67D00592945 /* H4XOR NewsTests */,
				537DA8EE2AD4B67D00592945 /* H4XOR NewsUITests */,
			);
		};
/* End PBXProject section */

/* Begin PBXResourcesBuildPhase section */
		537DA8D32AD4B67C00592945 /* Resources */ = {
			isa = PBXResourcesBuildPhase;
			buildActionMask = 2147483647;
			files = (
				537DA8E02AD4B67D00592945 /* Preview Assets.xcassets in Resources */,
				537DA8DD2AD4B67D00592945 /* Assets.xcassets in Resources */,
			);
			runOnlyForDeploymentPostprocessing = 0;
		};
		537DA8E32AD4B67D00592945 /* Resources */ = {
			isa = PBXResourcesBuildPhase;
			buildActionMask = 2147483647;
			files = (
			);
			runOnlyForDeploymentPostprocessing = 0;
		};
		537DA8ED2AD4B67D00592945 /* Resources */ = {
			isa = PBXResourcesBuildPhase;
			buildActionMask = 2147483647;
			files = (
			);
			runOnlyForDeploymentPostprocessing = 0;
		};
/* End PBXResourcesBuildPhase section */

/* Begin PBXSourcesBuildPhase section */
		537DA8D12AD4B67C00592945 /* Sources */ = {
			isa = PBXSourcesBuildPhase;
			buildActionMask = 2147483647;
			files = (
				537DA9042AD4B8FF00592945 /* NetworkManager.swift in Sources */,
				537DA9062AD4BA7300592945 /* PostData.swift in Sources */,
				537DA8DB2AD4B67C00592945 /* ContentView.swift in Sources */,
				537DA90B2AD4C40A00592945 /* WebView.swift in Sources */,
				537DA9092AD4BFD500592945 /* DetailView.swift in Sources */,
				537DA8D92AD4B67C00592945 /* H4XOR_NewsApp.swift in Sources */,
			);
			runOnlyForDeploymentPostprocessing = 0;
		};
		537DA8E12AD4B67D00592945 /* Sources */ = {
			isa = PBXSourcesBuildPhase;
			buildActionMask = 2147483647;
			files = (
				537DA8EA2AD4B67D00592945 /* H4XOR_NewsTests.swift in Sources */,
			);
			runOnlyForDeploymentPostprocessing = 0;
		};
		537DA8EB2AD4B67D00592945 /* Sources */ = {
			isa = PBXSourcesBuildPhase;
			buildActionMask = 2147483647;
			files = (
				537DA8F42AD4B67D00592945 /* H4XOR_NewsUITests.swift in Sources */,
				537DA8F62AD4B67D00592945 /* H4XOR_NewsUITestsLaunchTests.swift in Sources */,
			);
			runOnlyForDeploymentPostprocessing = 0;
		};
/* End PBXSourcesBuildPhase section */

/* Begin PBXTargetDependency section */
		537DA8E72AD4B67D00592945 /* PBXTargetDependency */ = {
			isa = PBXTargetDependency;
			target = 537DA8D42AD4B67C00592945 /* H4XOR News */;
			targetProxy = 537DA8E62AD4B67D00592945 /* PBXContainerItemProxy */;
		};
		537DA8F12AD4B67D00592945 /* PBXTargetDependency */ = {
			isa = PBXTargetDependency;
			target = 537DA8D42AD4B67C00592945 /* H4XOR News */;
			targetProxy = 537DA8F02AD4B67D00592945 /* PBXContainerItemProxy */;
		};
/* End PBXTargetDependency section */

/* Begin XCBuildConfiguration section */
		537DA8F72AD4B67D00592945 /* Debug */ = {
			isa = XCBuildConfiguration;
			buildSettings = {
				ALWAYS_SEARCH_USER_PATHS = NO;
				ASSETCATALOG_COMPILER_GENERATE_SWIFT_ASSET_SYMBOL_EXTENSIONS = YES;
				CLANG_ANALYZER_NONNULL = YES;
				CLANG_ANALYZER_NUMBER_OBJECT_CONVERSION = YES_AGGRESSIVE;
				CLANG_CXX_LANGUAGE_STANDARD = "gnu++20";
				CLANG_ENABLE_MODULES = YES;
				CLANG_ENABLE_OBJC_ARC = YES;
				CLANG_ENABLE_OBJC_WEAK = YES;
				CLANG_WARN_BLOCK_CAPTURE_AUTORELEASING = YES;
				CLANG_WARN_BOOL_CONVERSION = YES;
				CLANG_WARN_COMMA = YES;
				CLANG_WARN_CONSTANT_CONVERSION = YES;
				CLANG_WARN_DEPRECATED_OBJC_IMPLEMENTATIONS = YES;
				CLANG_WARN_DIRECT_OBJC_ISA_USAGE = YES_ERROR;
				CLANG_WARN_DOCUMENTATION_COMMENTS = YES;
				CLANG_WARN_EMPTY_BODY = YES;
				CLANG_WARN_ENUM_CONVERSION = YES;
				CLANG_WARN_INFINITE_RECURSION = YES;
				CLANG_WARN_INT_CONVERSION = YES;
				CLANG_WARN_NON_LITERAL_NULL_CONVERSION = YES;
				CLANG_WARN_OBJC_IMPLICIT_RETAIN_SELF = YES;
				CLANG_WARN_OBJC_LITERAL_CONVERSION = YES;
				CLANG_WARN_OBJC_ROOT_CLASS = YES_ERROR;
				CLANG_WARN_QUOTED_INCLUDE_IN_FRAMEWORK_HEADER = YES;
				CLANG_WARN_RANGE_LOOP_ANALYSIS = YES;
				CLANG_WARN_STRICT_PROTOTYPES = YES;
				CLANG_WARN_SUSPICIOUS_MOVE = YES;
				CLANG_WARN_UNGUARDED_AVAILABILITY = YES_AGGRESSIVE;
				CLANG_WARN_UNREACHABLE_CODE = YES;
				CLANG_WARN__DUPLICATE_METHOD_MATCH = YES;
				COPY_PHASE_STRIP = NO;
				DEBUG_INFORMATION_FORMAT = dwarf;
				ENABLE_STRICT_OBJC_MSGSEND = YES;
				ENABLE_TESTABILITY = YES;
				ENABLE_USER_SCRIPT_SANDBOXING = YES;
				GCC_C_LANGUAGE_STANDARD = gnu17;
				GCC_DYNAMIC_NO_PIC = NO;
				GCC_NO_COMMON_BLOCKS = YES;
				GCC_OPTIMIZATION_LEVEL = 0;
				GCC_PREPROCESSOR_DEFINITIONS = (
					"DEBUG=1",
					"$(inherited)",
				);
				GCC_WARN_64_TO_32_BIT_CONVERSION = YES;
				GCC_WARN_ABOUT_RETURN_TYPE = YES_ERROR;
				GCC_WARN_UNDECLARED_SELECTOR = YES;
				GCC_WARN_UNINITIALIZED_AUTOS = YES_AGGRESSIVE;
				GCC_WARN_UNUSED_FUNCTION = YES;
				GCC_WARN_UNUSED_VARIABLE = YES;
				IPHONEOS_DEPLOYMENT_TARGET = 17.0;
				LOCALIZATION_PREFERS_STRING_CATALOGS = YES;
				MTL_ENABLE_DEBUG_INFO = INCLUDE_SOURCE;
				MTL_FAST_MATH = YES;
				ONLY_ACTIVE_ARCH = YES;
				SDKROOT = iphoneos;
				SWIFT_ACTIVE_COMPILATION_CONDITIONS = "DEBUG $(inherited)";
				SWIFT_OPTIMIZATION_LEVEL = "-Onone";
			};
			name = Debug;
		};
		537DA8F82AD4B67D00592945 /* Release */ = {
			isa = XCBuildConfiguration;
			buildSettings = {
				ALWAYS_SEARCH_USER_PATHS = NO;
				ASSETCATALOG_COMPILER_GENERATE_SWIFT_ASSET_SYMBOL_EXTENSIONS = YES;
				CLANG_ANALYZER_NONNULL = YES;
				CLANG_ANALYZER_NUMBER_OBJECT_CONVERSION = YES_AGGRESSIVE;
				CLANG_CXX_LANGUAGE_STANDARD = "gnu++20";
				CLANG_ENABLE_MODULES = YES;
				CLANG_ENABLE_OBJC_ARC = YES;
				CLANG_ENABLE_OBJC_WEAK = YES;
				CLANG_WARN_BLOCK_CAPTURE_AUTORELEASING = YES;
				CLANG_WARN_BOOL_CONVERSION = YES;
				CLANG_WARN_COMMA = YES;
				CLANG_WARN_CONSTANT_CONVERSION = YES;
				CLANG_WARN_DEPRECATED_OBJC_IMPLEMENTATIONS = YES;
				CLANG_WARN_DIRECT_OBJC_ISA_USAGE = YES_ERROR;
				CLANG_WARN_DOCUMENTATION_COMMENTS = YES;
				CLANG_WARN_EMPTY_BODY = YES;
				CLANG_WARN_ENUM_CONVERSION = YES;
				CLANG_WARN_INFINITE_RECURSION = YES;
				CLANG_WARN_INT_CONVERSION = YES;
				CLANG_WARN_NON_LITERAL_NULL_CONVERSION = YES;
				CLANG_WARN_OBJC_IMPLICIT_RETAIN_SELF = YES;
				CLANG_WARN_OBJC_LITERAL_CONVERSION = YES;
				CLANG_WARN_OBJC_ROOT_CLASS = YES_ERROR;
				CLANG_WARN_QUOTED_INCLUDE_IN_FRAMEWORK_HEADER = YES;
				CLANG_WARN_RANGE_LOOP_ANALYSIS = YES;
				CLANG_WARN_STRICT_PROTOTYPES = YES;
				CLANG_WARN_SUSPICIOUS_MOVE = YES;
				CLANG_WARN_UNGUARDED_AVAILABILITY = YES_AGGRESSIVE;
				CLANG_WARN_UNREACHABLE_CODE = YES;
				CLANG_WARN__DUPLICATE_METHOD_MATCH = YES;
				COPY_PHASE_STRIP = NO;
				DEBUG_INFORMATION_FORMAT = "dwarf-with-dsym";
				ENABLE_NS_ASSERTIONS = NO;
				ENABLE_STRICT_OBJC_MSGSEND = YES;
				ENABLE_USER_SCRIPT_SANDBOXING = YES;
				GCC_C_LANGUAGE_STANDARD = gnu17;
				GCC_NO_COMMON_BLOCKS = YES;
				GCC_WARN_64_TO_32_BIT_CONVERSION = YES;
				GCC_WARN_ABOUT_RETURN_TYPE = YES_ERROR;
				GCC_WARN_UNDECLARED_SELECTOR = YES;
				GCC_WARN_UNINITIALIZED_AUTOS = YES_AGGRESSIVE;
				GCC_WARN_UNUSED_FUNCTION = YES;
				GCC_WARN_UNUSED_VARIABLE = YES;
				IPHONEOS_DEPLOYMENT_TARGET = 17.0;
				LOCALIZATION_PREFERS_STRING_CATALOGS = YES;
				MTL_ENABLE_DEBUG_INFO = NO;
				MTL_FAST_MATH = YES;
				SDKROOT = iphoneos;
				SWIFT_COMPILATION_MODE = wholemodule;
				VALIDATE_PRODUCT = YES;
			};
			name = Release;
		};
		537DA8FA2AD4B67D00592945 /* Debug */ = {
			isa = XCBuildConfiguration;
			buildSettings = {
				ASSETCATALOG_COMPILER_APPICON_NAME = AppIcon;
				ASSETCATALOG_COMPILER_GLOBAL_ACCENT_COLOR_NAME = AccentColor;
				CODE_SIGN_STYLE = Automatic;
				CURRENT_PROJECT_VERSION = 1;
				DEVELOPMENT_ASSET_PATHS = "\"H4XOR News/Preview Content\"";
				DEVELOPMENT_TEAM = P5AN2XLA6F;
				ENABLE_PREVIEWS = YES;
				GENERATE_INFOPLIST_FILE = YES;
				INFOPLIST_KEY_UIApplicationSceneManifest_Generation = YES;
				INFOPLIST_KEY_UIApplicationSupportsIndirectInputEvents = YES;
				INFOPLIST_KEY_UILaunchScreen_Generation = YES;
				INFOPLIST_KEY_UISupportedInterfaceOrientations_iPad = "UIInterfaceOrientationPortrait UIInterfaceOrientationPortraitUpsideDown UIInterfaceOrientationLandscapeLeft UIInterfaceOrientationLandscapeRight";
				INFOPLIST_KEY_UISupportedInterfaceOrientations_iPhone = "UIInterfaceOrientationPortrait UIInterfaceOrientationLandscapeLeft UIInterfaceOrientationLandscapeRight";
				LD_RUNPATH_SEARCH_PATHS = (
					"$(inherited)",
					"@executable_path/Frameworks",
				);
				MARKETING_VERSION = 1.0;
				PRODUCT_BUNDLE_IDENTIFIER = "com.deltoro.H4XOR-News";
				PRODUCT_NAME = "$(TARGET_NAME)";
				SWIFT_EMIT_LOC_STRINGS = YES;
				SWIFT_VERSION = 5.0;
				TARGETED_DEVICE_FAMILY = "1,2";
			};
			name = Debug;
		};
		537DA8FB2AD4B67D00592945 /* Release */ = {
			isa = XCBuildConfiguration;
			buildSettings = {
				ASSETCATALOG_COMPILER_APPICON_NAME = AppIcon;
				ASSETCATALOG_COMPILER_GLOBAL_ACCENT_COLOR_NAME = AccentColor;
				CODE_SIGN_STYLE = Automatic;
				CURRENT_PROJECT_VERSION = 1;
				DEVELOPMENT_ASSET_PATHS = "\"H4XOR News/Preview Content\"";
				DEVELOPMENT_TEAM = P5AN2XLA6F;
				ENABLE_PREVIEWS = YES;
				GENERATE_INFOPLIST_FILE = YES;
				INFOPLIST_KEY_UIApplicationSceneManifest_Generation = YES;
				INFOPLIST_KEY_UIApplicationSupportsIndirectInputEvents = YES;
				INFOPLIST_KEY_UILaunchScreen_Generation = YES;
				INFOPLIST_KEY_UISupportedInterfaceOrientations_iPad = "UIInterfaceOrientationPortrait UIInterfaceOrientationPortraitUpsideDown UIInterfaceOrientationLandscapeLeft UIInterfaceOrientationLandscapeRight";
				INFOPLIST_KEY_UISupportedInterfaceOrientations_iPhone = "UIInterfaceOrientationPortrait UIInterfaceOrientationLandscapeLeft UIInterfaceOrientationLandscapeRight";
				LD_RUNPATH_SEARCH_PATHS = (
					"$(inherited)",
					"@executable_path/Frameworks",
				);
				MARKETING_VERSION = 1.0;
				PRODUCT_BUNDLE_IDENTIFIER = "com.deltoro.H4XOR-News";
				PRODUCT_NAME = "$(TARGET_NAME)";
				SWIFT_EMIT_LOC_STRINGS = YES;
				SWIFT_VERSION = 5.0;
				TARGETED_DEVICE_FAMILY = "1,2";
			};
			name = Release;
		};
		537DA8FD2AD4B67D00592945 /* Debug */ = {
			isa = XCBuildConfiguration;
			buildSettings = {
				ALWAYS_EMBED_SWIFT_STANDARD_LIBRARIES = YES;
				BUNDLE_LOADER = "$(TEST_HOST)";
				CODE_SIGN_STYLE = Automatic;
				CURRENT_PROJECT_VERSION = 1;
				GENERATE_INFOPLIST_FILE = YES;
				IPHONEOS_DEPLOYMENT_TARGET = 17.0;
				MARKETING_VERSION = 1.0;
				PRODUCT_BUNDLE_IDENTIFIER = "com.deltoro.H4XOR-NewsTests";
				PRODUCT_NAME = "$(TARGET_NAME)";
				SWIFT_EMIT_LOC_STRINGS = NO;
				SWIFT_VERSION = 5.0;
				TARGETED_DEVICE_FAMILY = "1,2";
				TEST_HOST = "$(BUILT_PRODUCTS_DIR)/H4XOR News.app/$(BUNDLE_EXECUTABLE_FOLDER_PATH)/H4XOR News";
			};
			name = Debug;
		};
		537DA8FE2AD4B67D00592945 /* Release */ = {
			isa = XCBuildConfiguration;
			buildSettings = {
				ALWAYS_EMBED_SWIFT_STANDARD_LIBRARIES = YES;
				BUNDLE_LOADER = "$(TEST_HOST)";
				CODE_SIGN_STYLE = Automatic;
				CURRENT_PROJECT_VERSION = 1;
				GENERATE_INFOPLIST_FILE = YES;
				IPHONEOS_DEPLOYMENT_TARGET = 17.0;
				MARKETING_VERSION = 1.0;
				PRODUCT_BUNDLE_IDENTIFIER = "com.deltoro.H4XOR-NewsTests";
				PRODUCT_NAME = "$(TARGET_NAME)";
				SWIFT_EMIT_LOC_STRINGS = NO;
				SWIFT_VERSION = 5.0;
				TARGETED_DEVICE_FAMILY = "1,2";
				TEST_HOST = "$(BUILT_PRODUCTS_DIR)/H4XOR News.app/$(BUNDLE_EXECUTABLE_FOLDER_PATH)/H4XOR News";
			};
			name = Release;
		};
		537DA9002AD4B67D00592945 /* Debug */ = {
			isa = XCBuildConfiguration;
			buildSettings = {
				ALWAYS_EMBED_SWIFT_STANDARD_LIBRARIES = YES;
				CODE_SIGN_STYLE = Automatic;
				CURRENT_PROJECT_VERSION = 1;
				GENERATE_INFOPLIST_FILE = YES;
				MARKETING_VERSION = 1.0;
				PRODUCT_BUNDLE_IDENTIFIER = "com.deltoro.H4XOR-NewsUITests";
				PRODUCT_NAME = "$(TARGET_NAME)";
				SWIFT_EMIT_LOC_STRINGS = NO;
				SWIFT_VERSION = 5.0;
				TARGETED_DEVICE_FAMILY = "1,2";
				TEST_TARGET_NAME = "H4XOR News";
			};
			name = Debug;
		};
		537DA9012AD4B67D00592945 /* Release */ = {
			isa = XCBuildConfiguration;
			buildSettings = {
				ALWAYS_EMBED_SWIFT_STANDARD_LIBRARIES = YES;
				CODE_SIGN_STYLE = Automatic;
				CURRENT_PROJECT_VERSION = 1;
				GENERATE_INFOPLIST_FILE = YES;
				MARKETING_VERSION = 1.0;
				PRODUCT_BUNDLE_IDENTIFIER = "com.deltoro.H4XOR-NewsUITests";
				PRODUCT_NAME = "$(TARGET_NAME)";
				SWIFT_EMIT_LOC_STRINGS = NO;
				SWIFT_VERSION = 5.0;
				TARGETED_DEVICE_FAMILY = "1,2";
				TEST_TARGET_NAME = "H4XOR News";
			};
			name = Release;
		};
/* End XCBuildConfiguration section */

/* Begin XCConfigurationList section */
		537DA8D02AD4B67C00592945 /* Build configuration list for PBXProject "cd" */ = {
			isa = XCConfigurationList;
			buildConfigurations = (
				537DA8F72AD4B67D00592945 /* Debug */,
				537DA8F82AD4B67D00592945 /* Release */,
			);
			defaultConfigurationIsVisible = 0;
			defaultConfigurationName = Release;
		};
		537DA8F92AD4B67D00592945 /* Build configuration list for PBXNativeTarget "H4XOR News" */ = {
			isa = XCConfigurationList;
			buildConfigurations = (
				537DA8FA2AD4B67D00592945 /* Debug */,
				537DA8FB2AD4B67D00592945 /* Release */,
			);
			defaultConfigurationIsVisible = 0;
			defaultConfigurationName = Release;
		};
		537DA8FC2AD4B67D00592945 /* Build configuration list for PBXNativeTarget "H4XOR NewsTests" */ = {
			isa = XCConfigurationList;
			buildConfigurations = (
				537DA8FD2AD4B67D00592945 /* Debug */,
				537DA8FE2AD4B67D00592945 /* Release */,
			);
			defaultConfigurationIsVisible = 0;
			defaultConfigurationName = Release;
		};
		537DA8FF2AD4B67D00592945 /* Build configuration list for PBXNativeTarget "H4XOR NewsUITests" */ = {
			isa = XCConfigurationList;
			buildConfigurations = (
				537DA9002AD4B67D00592945 /* Debug */,
				537DA9012AD4B67D00592945 /* Release */,
			);
			defaultConfigurationIsVisible = 0;
			defaultConfigurationName = Release;
		};
/* End XCConfigurationList section */
	};
	rootObject = 537DA8CD2AD4B67C00592945 /* Project object */;
}
